
Microsoft Visual Studio Solution File, Format Version 12.00
# Visual Studio Version 17
VisualStudioVersion = 17.12.35506.116
MinimumVisualStudioVersion = 10.0.40219.1
Project("{2150E333-8FDC-42A3-9474-1A3956D46DE8}") = "src", "src", "{5838A3B6-95C1-54FD-8DA8-569D46E3931E}"
EndProject
Project("{2150E333-8FDC-42A3-9474-1A3956D46DE8}") = "Shared", "Shared", "{7AED5BB1-4272-5DB6-8FBC-E7E8A8D93ED0}"
EndProject
Project("{2150E333-8FDC-42A3-9474-1A3956D46DE8}") = "Modules", "Modules", "{52EB427A-BC6F-54D5-8B43-36894EE52020}"
EndProject
Project("{2150E333-8FDC-42A3-9474-1A3956D46DE8}") = "Catalog", "Catalog", "{CC6DB31B-7CA9-53E6-AB65-FC090C85588E}"
EndProject
Project("{2150E333-8FDC-42A3-9474-1A3956D46DE8}") = "Identity", "Identity", "{A3136D00-8E8C-5419-A3FE-3E22AA791070}"
EndProject
Project("{2150E333-8FDC-42A3-9474-1A3956D46DE8}") = "Inventory", "Inventory", "{8B42E67E-FC97-5E22-A9CA-F6DD87FAD6AF}"
EndProject
Project("{2150E333-8FDC-42A3-9474-1A3956D46DE8}") = "Sync", "Sync", "{6FDDF692-FA26-5291-A747-E020DD4674A1}"
EndProject
Project("{2150E333-8FDC-42A3-9474-1A3956D46DE8}") = "Fiscal", "Fiscal", "{2B4802D7-1943-53A6-9311-BF7F7614D0CC}"
EndProject
Project("{2150E333-8FDC-42A3-9474-1A3956D46DE8}") = "Sales", "Sales", "{40CE8FB6-C803-5E21-A950-F3E8A998BB16}"
EndProject
Project("{2150E333-8FDC-42A3-9474-1A3956D46DE8}") = "Payments", "Payments", "{3157654F-CDE9-5126-A892-CEB99CBCFD52}"
EndProject
Project("{2150E333-8FDC-42A3-9474-1A3956D46DE8}") = "Purchasing", "Purchasing", "{653E69E2-850C-5CB8-80D3-34D592F45FB8}"
EndProject
Project("{2150E333-8FDC-42A3-9474-1A3956D46DE8}") = "Expenses", "Expenses", "{986B1AF5-5E38-5AB4-8AE5-6EEF7763E27A}"
EndProject
Project("{2150E333-8FDC-42A3-9474-1A3956D46DE8}") = "Reconciliation", "Reconciliation", "{550B7315-85A0-5227-9A45-88484F1A8FF0}"
EndProject
Project("{2150E333-8FDC-42A3-9474-1A3956D46DE8}") = "Hosts", "Hosts", "{11CE3873-8E3E-520C-9DD2-5CD501FBF35D}"
EndProject
Project("{2150E333-8FDC-42A3-9474-1A3956D46DE8}") = "tests", "tests", "{A30F0C26-5597-58D5-B574-BAE6AB97D2DC}"
EndProject
Project("{2150E333-8FDC-42A3-9474-1A3956D46DE8}") = "build", "build", "{7B82DCBC-129E-57D9-958A-ADF5AD8BAEF6}"
	ProjectSection(SolutionItems) = preProject
		Directory.Build.props = Directory.Build.props
		Directory.Packages.props = Directory.Packages.props
		.editorconfig = .editorconfig
		docker-compose.yml = docker-compose.yml
		README.md = README.md
	EndProjectSection
EndProject
Project("{9A19103F-16F7-4668-BE54-9A1E7A4F7556}") = "POS.SharedKernel", "src\Shared\POS.SharedKernel\POS.SharedKernel.csproj", "{B131A078-0899-50C8-ADDB-B8562F7B55FD}"
EndProject
Project("{9A19103F-16F7-4668-BE54-9A1E7A4F7556}") = "POS.Hardware.Abstractions", "src\Shared\POS.Hardware.Abstractions\POS.Hardware.Abstractions.csproj", "{0291DB3D-42A6-532C-A4C0-314B25EF76BC}"
EndProject
Project("{9A19103F-16F7-4668-BE54-9A1E7A4F7556}") = "POS.Contracts", "src\Shared\POS.Contracts\POS.Contracts.csproj", "{3BB6116C-38B3-5591-8C4B-A9456314C08F}"
EndProject
Project("{9A19103F-16F7-4668-BE54-9A1E7A4F7556}") = "POS.Common", "src\Shared\POS.Common\POS.Common.csproj", "{640B3D2B-9561-5795-9040-189CA5695CCE}"
EndProject
Project("{9A19103F-16F7-4668-BE54-9A1E7A4F7556}") = "POS.Catalog.Domain", "src\Modules\Catalog\POS.Catalog.Domain\POS.Catalog.Domain.csproj", "{209EC3D5-9C4E-50DA-BB2D-0C8813616D07}"
EndProject
Project("{9A19103F-16F7-4668-BE54-9A1E7A4F7556}") = "POS.Catalog", "src\Modules\Catalog\POS.Catalog\POS.Catalog.csproj", "{ADE1989E-F987-5842-8C87-A403832F50D9}"
EndProject
Project("{9A19103F-16F7-4668-BE54-9A1E7A4F7556}") = "POS.Identity.Domain", "src\Modules\Identity\POS.Identity.Domain\POS.Identity.Domain.csproj", "{FBB394EF-1F71-5F8C-B62D-F3FA9C4385BD}"
EndProject
Project("{9A19103F-16F7-4668-BE54-9A1E7A4F7556}") = "POS.Identity", "src\Modules\Identity\POS.Identity\POS.Identity.csproj", "{EEE4861C-600A-5ED4-BA18-61E2FF8FDAA6}"
EndProject
Project("{9A19103F-16F7-4668-BE54-9A1E7A4F7556}") = "POS.Sync.Domain", "src\Modules\Sync\POS.Sync.Domain\POS.Sync.Domain.csproj", "{46E79B46-881D-5E14-AC4E-5DBD45B8D09F}"
EndProject
Project("{9A19103F-16F7-4668-BE54-9A1E7A4F7556}") = "POS.Sync", "src\Modules\Sync\POS.Sync\POS.Sync.csproj", "{8DAD255A-8718-5980-91EC-C78BB9FF6478}"
EndProject
Project("{9A19103F-16F7-4668-BE54-9A1E7A4F7556}") = "POS.Inventory.Domain", "src\Modules\Inventory\POS.Inventory.Domain\POS.Inventory.Domain.csproj", "{3DA52CF4-0244-5175-B641-D48ABDB993F4}"
EndProject
Project("{9A19103F-16F7-4668-BE54-9A1E7A4F7556}") = "POS.Inventory", "src\Modules\Inventory\POS.Inventory\POS.Inventory.csproj", "{8982123B-0923-5D03-8EE8-7225E5645DC5}"
EndProject
Project("{9A19103F-16F7-4668-BE54-9A1E7A4F7556}") = "POS.Payments.Domain", "src\Modules\Payments\POS.Payments.Domain\POS.Payments.Domain.csproj", "{6E7AC005-E282-5D6D-832A-AC9E968622D1}"
EndProject
Project("{9A19103F-16F7-4668-BE54-9A1E7A4F7556}") = "POS.Payments.Abstractions", "src\Modules\Payments\POS.Payments.Abstractions\POS.Payments.Abstractions.csproj", "{7F7E7166-9C25-509D-95DB-D78E00C89A28}"
EndProject
Project("{9A19103F-16F7-4668-BE54-9A1E7A4F7556}") = "POS.Payments", "src\Modules\Payments\POS.Payments\POS.Payments.csproj", "{B140E196-CDB7-5478-9B19-1E0116F0C58A}"
EndProject
Project("{9A19103F-16F7-4668-BE54-9A1E7A4F7556}") = "POS.Payments.Manual", "src\Modules\Payments\POS.Payments.Manual\POS.Payments.Manual.csproj", "{5C325F6A-42DA-55C6-86CF-4C3F36F19709}"
EndProject
Project("{9A19103F-16F7-4668-BE54-9A1E7A4F7556}") = "POS.Purchasing.Domain", "src\Modules\Purchasing\POS.Purchasing.Domain\POS.Purchasing.Domain.csproj", "{CD39136D-344C-5B97-A2EC-945C974F88BF}"
EndProject
Project("{9A19103F-16F7-4668-BE54-9A1E7A4F7556}") = "POS.Expenses.Domain", "src\Modules\Expenses\POS.Expenses.Domain\POS.Expenses.Domain.csproj", "{43D44853-43F5-594C-B593-13F1DAAA92E6}"
EndProject
Project("{9A19103F-16F7-4668-BE54-9A1E7A4F7556}") = "POS.Reconciliation.Domain", "src\Modules\Reconciliation\POS.Reconciliation.Domain\POS.Reconciliation.Domain.csproj", "{F3789188-C3B6-525C-9E7E-BA00AF75656A}"
EndProject
Project("{9A19103F-16F7-4668-BE54-9A1E7A4F7556}") = "POS.Fiscal.Abstractions", "src\Modules\Fiscal\POS.Fiscal.Abstractions\POS.Fiscal.Abstractions.csproj", "{A98984C4-397F-5A7E-98B1-701A48CB23EE}"
EndProject
Project("{9A19103F-16F7-4668-BE54-9A1E7A4F7556}") = "POS.Fiscal.Domain", "src\Modules\Fiscal\POS.Fiscal.Domain\POS.Fiscal.Domain.csproj", "{431EB26D-3766-5445-85D8-A7F723D9DA8C}"
EndProject
Project("{9A19103F-16F7-4668-BE54-9A1E7A4F7556}") = "POS.Fiscal", "src\Modules\Fiscal\POS.Fiscal\POS.Fiscal.csproj", "{6E59BA65-B475-5729-98E0-C7688C5EE6F2}"
EndProject
Project("{9A19103F-16F7-4668-BE54-9A1E7A4F7556}") = "POS.Fiscal.Generic", "src\Modules\Fiscal\POS.Fiscal.Generic\POS.Fiscal.Generic.csproj", "{8CEA9E96-217C-58FE-A55F-9EB899E10CE5}"
EndProject
Project("{9A19103F-16F7-4668-BE54-9A1E7A4F7556}") = "POS.Sales.Domain", "src\Modules\Sales\POS.Sales.Domain\POS.Sales.Domain.csproj", "{C46FCA17-04F8-5B3E-AB5F-63F72887829C}"
EndProject
Project("{9A19103F-16F7-4668-BE54-9A1E7A4F7556}") = "POS.Sales", "src\Modules\Sales\POS.Sales\POS.Sales.csproj", "{2B460077-9B3F-5F06-B285-0C13C32452FD}"
EndProject
Project("{9A19103F-16F7-4668-BE54-9A1E7A4F7556}") = "POS.Api", "src\Hosts\POS.Api\POS.Api.csproj", "{343D1E9F-557A-5563-AC07-DA5A70CE7CA9}"
EndProject
Project("{9A19103F-16F7-4668-BE54-9A1E7A4F7556}") = "POS.TerminalAgent", "src\Hosts\POS.TerminalAgent\POS.TerminalAgent.csproj", "{BBB71B34-DA9B-5AF8-8305-DAFA08DB8549}"
EndProject
Project("{9A19103F-16F7-4668-BE54-9A1E7A4F7556}") = "POS.UnitTests", "tests\POS.UnitTests\POS.UnitTests.csproj", "{6690BDA6-5F5C-5965-9B11-C48764183846}"
EndProject
Project("{9A19103F-16F7-4668-BE54-9A1E7A4F7556}") = "POS.ArchitectureTests", "tests\POS.ArchitectureTests\POS.ArchitectureTests.csproj", "{A0C3D54A-3398-5601-AC7B-EB81F30F9CED}"
EndProject
Project("{9A19103F-16F7-4668-BE54-9A1E7A4F7556}") = "POS.IntegrationTests", "tests\POS.IntegrationTests\POS.IntegrationTests.csproj", "{B10DA0B9-6716-5BAE-BB2B-E76CE7435F45}"
EndProject
Project("{FAE04EC0-301F-11D3-BF4B-00C04F79EFBC}") = "POS.Purchasing", "src\Modules\Purchasing\POS.Purchasing\POS.Purchasing.csproj", "{17532566-20DA-4E8E-A84D-8B6D37B7ADF1}"
EndProject
Project("{FAE04EC0-301F-11D3-BF4B-00C04F79EFBC}") = "POS.Expenses", "src\Modules\Expenses\POS.Expenses\POS.Expenses.csproj", "{051244C6-6293-4BD0-B212-145BA0A76CAA}"
EndProject
Global
	GlobalSection(SolutionConfigurationPlatforms) = preSolution
		Debug|Any CPU = Debug|Any CPU
		Debug|x64 = Debug|x64
		Debug|x86 = Debug|x86
		Release|Any CPU = Release|Any CPU
		Release|x64 = Release|x64
		Release|x86 = Release|x86
	EndGlobalSection
	GlobalSection(ProjectConfigurationPlatforms) = postSolution
		{B131A078-0899-50C8-ADDB-B8562F7B55FD}.Debug|Any CPU.ActiveCfg = Debug|Any CPU
		{B131A078-0899-50C8-ADDB-B8562F7B55FD}.Debug|Any CPU.Build.0 = Debug|Any CPU
		{B131A078-0899-50C8-ADDB-B8562F7B55FD}.Debug|x64.ActiveCfg = Debug|Any CPU
		{B131A078-0899-50C8-ADDB-B8562F7B55FD}.Debug|x64.Build.0 = Debug|Any CPU
		{B131A078-0899-50C8-ADDB-B8562F7B55FD}.Debug|x86.ActiveCfg = Debug|Any CPU
		{B131A078-0899-50C8-ADDB-B8562F7B55FD}.Debug|x86.Build.0 = Debug|Any CPU
		{B131A078-0899-50C8-ADDB-B8562F7B55FD}.Release|Any CPU.ActiveCfg = Release|Any CPU
		{B131A078-0899-50C8-ADDB-B8562F7B55FD}.Release|Any CPU.Build.0 = Release|Any CPU
		{B131A078-0899-50C8-ADDB-B8562F7B55FD}.Release|x64.ActiveCfg = Release|Any CPU
		{B131A078-0899-50C8-ADDB-B8562F7B55FD}.Release|x64.Build.0 = Release|Any CPU
		{B131A078-0899-50C8-ADDB-B8562F7B55FD}.Release|x86.ActiveCfg = Release|Any CPU
		{B131A078-0899-50C8-ADDB-B8562F7B55FD}.Release|x86.Build.0 = Release|Any CPU
		{0291DB3D-42A6-532C-A4C0-314B25EF76BC}.Debug|Any CPU.ActiveCfg = Debug|Any CPU
		{0291DB3D-42A6-532C-A4C0-314B25EF76BC}.Debug|Any CPU.Build.0 = Debug|Any CPU
		{0291DB3D-42A6-532C-A4C0-314B25EF76BC}.Debug|x64.ActiveCfg = Debug|Any CPU
		{0291DB3D-42A6-532C-A4C0-314B25EF76BC}.Debug|x64.Build.0 = Debug|Any CPU
		{0291DB3D-42A6-532C-A4C0-314B25EF76BC}.Debug|x86.ActiveCfg = Debug|Any CPU
		{0291DB3D-42A6-532C-A4C0-314B25EF76BC}.Debug|x86.Build.0 = Debug|Any CPU
		{0291DB3D-42A6-532C-A4C0-314B25EF76BC}.Release|Any CPU.ActiveCfg = Release|Any CPU
		{0291DB3D-42A6-532C-A4C0-314B25EF76BC}.Release|Any CPU.Build.0 = Release|Any CPU
		{0291DB3D-42A6-532C-A4C0-314B25EF76BC}.Release|x64.ActiveCfg = Release|Any CPU
		{0291DB3D-42A6-532C-A4C0-314B25EF76BC}.Release|x64.Build.0 = Release|Any CPU
		{0291DB3D-42A6-532C-A4C0-314B25EF76BC}.Release|x86.ActiveCfg = Release|Any CPU
		{0291DB3D-42A6-532C-A4C0-314B25EF76BC}.Release|x86.Build.0 = Release|Any CPU
		{3BB6116C-38B3-5591-8C4B-A9456314C08F}.Debug|Any CPU.ActiveCfg = Debug|Any CPU
		{3BB6116C-38B3-5591-8C4B-A9456314C08F}.Debug|Any CPU.Build.0 = Debug|Any CPU
		{3BB6116C-38B3-5591-8C4B-A9456314C08F}.Debug|x64.ActiveCfg = Debug|Any CPU
		{3BB6116C-38B3-5591-8C4B-A9456314C08F}.Debug|x64.Build.0 = Debug|Any CPU
		{3BB6116C-38B3-5591-8C4B-A9456314C08F}.Debug|x86.ActiveCfg = Debug|Any CPU
		{3BB6116C-38B3-5591-8C4B-A9456314C08F}.Debug|x86.Build.0 = Debug|Any CPU
		{3BB6116C-38B3-5591-8C4B-A9456314C08F}.Release|Any CPU.ActiveCfg = Release|Any CPU
		{3BB6116C-38B3-5591-8C4B-A9456314C08F}.Release|Any CPU.Build.0 = Release|Any CPU
		{3BB6116C-38B3-5591-8C4B-A9456314C08F}.Release|x64.ActiveCfg = Release|Any CPU
		{3BB6116C-38B3-5591-8C4B-A9456314C08F}.Release|x64.Build.0 = Release|Any CPU
		{3BB6116C-38B3-5591-8C4B-A9456314C08F}.Release|x86.ActiveCfg = Release|Any CPU
		{3BB6116C-38B3-5591-8C4B-A9456314C08F}.Release|x86.Build.0 = Release|Any CPU
		{640B3D2B-9561-5795-9040-189CA5695CCE}.Debug|Any CPU.ActiveCfg = Debug|Any CPU
		{640B3D2B-9561-5795-9040-189CA5695CCE}.Debug|Any CPU.Build.0 = Debug|Any CPU
		{640B3D2B-9561-5795-9040-189CA5695CCE}.Debug|x64.ActiveCfg = Debug|Any CPU
		{640B3D2B-9561-5795-9040-189CA5695CCE}.Debug|x64.Build.0 = Debug|Any CPU
		{640B3D2B-9561-5795-9040-189CA5695CCE}.Debug|x86.ActiveCfg = Debug|Any CPU
		{640B3D2B-9561-5795-9040-189CA5695CCE}.Debug|x86.Build.0 = Debug|Any CPU
		{640B3D2B-9561-5795-9040-189CA5695CCE}.Release|Any CPU.ActiveCfg = Release|Any CPU
		{640B3D2B-9561-5795-9040-189CA5695CCE}.Release|Any CPU.Build.0 = Release|Any CPU
		{640B3D2B-9561-5795-9040-189CA5695CCE}.Release|x64.ActiveCfg = Release|Any CPU
		{640B3D2B-9561-5795-9040-189CA5695CCE}.Release|x64.Build.0 = Release|Any CPU
		{640B3D2B-9561-5795-9040-189CA5695CCE}.Release|x86.ActiveCfg = Release|Any CPU
		{640B3D2B-9561-5795-9040-189CA5695CCE}.Release|x86.Build.0 = Release|Any CPU
		{209EC3D5-9C4E-50DA-BB2D-0C8813616D07}.Debug|Any CPU.ActiveCfg = Debug|Any CPU
		{209EC3D5-9C4E-50DA-BB2D-0C8813616D07}.Debug|Any CPU.Build.0 = Debug|Any CPU
		{209EC3D5-9C4E-50DA-BB2D-0C8813616D07}.Debug|x64.ActiveCfg = Debug|Any CPU
		{209EC3D5-9C4E-50DA-BB2D-0C8813616D07}.Debug|x64.Build.0 = Debug|Any CPU
		{209EC3D5-9C4E-50DA-BB2D-0C8813616D07}.Debug|x86.ActiveCfg = Debug|Any CPU
		{209EC3D5-9C4E-50DA-BB2D-0C8813616D07}.Debug|x86.Build.0 = Debug|Any CPU
		{209EC3D5-9C4E-50DA-BB2D-0C8813616D07}.Release|Any CPU.ActiveCfg = Release|Any CPU
		{209EC3D5-9C4E-50DA-BB2D-0C8813616D07}.Release|Any CPU.Build.0 = Release|Any CPU
		{209EC3D5-9C4E-50DA-BB2D-0C8813616D07}.Release|x64.ActiveCfg = Release|Any CPU
		{209EC3D5-9C4E-50DA-BB2D-0C8813616D07}.Release|x64.Build.0 = Release|Any CPU
		{209EC3D5-9C4E-50DA-BB2D-0C8813616D07}.Release|x86.ActiveCfg = Release|Any CPU
		{209EC3D5-9C4E-50DA-BB2D-0C8813616D07}.Release|x86.Build.0 = Release|Any CPU
		{ADE1989E-F987-5842-8C87-A403832F50D9}.Debug|Any CPU.ActiveCfg = Debug|Any CPU
		{ADE1989E-F987-5842-8C87-A403832F50D9}.Debug|Any CPU.Build.0 = Debug|Any CPU
		{ADE1989E-F987-5842-8C87-A403832F50D9}.Debug|x64.ActiveCfg = Debug|Any CPU
		{ADE1989E-F987-5842-8C87-A403832F50D9}.Debug|x64.Build.0 = Debug|Any CPU
		{ADE1989E-F987-5842-8C87-A403832F50D9}.Debug|x86.ActiveCfg = Debug|Any CPU
		{ADE1989E-F987-5842-8C87-A403832F50D9}.Debug|x86.Build.0 = Debug|Any CPU
		{ADE1989E-F987-5842-8C87-A403832F50D9}.Release|Any CPU.ActiveCfg = Release|Any CPU
		{ADE1989E-F987-5842-8C87-A403832F50D9}.Release|Any CPU.Build.0 = Release|Any CPU
		{ADE1989E-F987-5842-8C87-A403832F50D9}.Release|x64.ActiveCfg = Release|Any CPU
		{ADE1989E-F987-5842-8C87-A403832F50D9}.Release|x64.Build.0 = Release|Any CPU
		{ADE1989E-F987-5842-8C87-A403832F50D9}.Release|x86.ActiveCfg = Release|Any CPU
		{ADE1989E-F987-5842-8C87-A403832F50D9}.Release|x86.Build.0 = Release|Any CPU
		{FBB394EF-1F71-5F8C-B62D-F3FA9C4385BD}.Debug|Any CPU.ActiveCfg = Debug|Any CPU
		{FBB394EF-1F71-5F8C-B62D-F3FA9C4385BD}.Debug|Any CPU.Build.0 = Debug|Any CPU
		{FBB394EF-1F71-5F8C-B62D-F3FA9C4385BD}.Debug|x64.ActiveCfg = Debug|Any CPU
		{FBB394EF-1F71-5F8C-B62D-F3FA9C4385BD}.Debug|x64.Build.0 = Debug|Any CPU
		{FBB394EF-1F71-5F8C-B62D-F3FA9C4385BD}.Debug|x86.ActiveCfg = Debug|Any CPU
		{FBB394EF-1F71-5F8C-B62D-F3FA9C4385BD}.Debug|x86.Build.0 = Debug|Any CPU
		{FBB394EF-1F71-5F8C-B62D-F3FA9C4385BD}.Release|Any CPU.ActiveCfg = Release|Any CPU
		{FBB394EF-1F71-5F8C-B62D-F3FA9C4385BD}.Release|Any CPU.Build.0 = Release|Any CPU
		{FBB394EF-1F71-5F8C-B62D-F3FA9C4385BD}.Release|x64.ActiveCfg = Release|Any CPU
		{FBB394EF-1F71-5F8C-B62D-F3FA9C4385BD}.Release|x64.Build.0 = Release|Any CPU
		{FBB394EF-1F71-5F8C-B62D-F3FA9C4385BD}.Release|x86.ActiveCfg = Release|Any CPU
		{FBB394EF-1F71-5F8C-B62D-F3FA9C4385BD}.Release|x86.Build.0 = Release|Any CPU
		{EEE4861C-600A-5ED4-BA18-61E2FF8FDAA6}.Debug|Any CPU.ActiveCfg = Debug|Any CPU
		{EEE4861C-600A-5ED4-BA18-61E2FF8FDAA6}.Debug|Any CPU.Build.0 = Debug|Any CPU
		{EEE4861C-600A-5ED4-BA18-61E2FF8FDAA6}.Debug|x64.ActiveCfg = Debug|Any CPU
		{EEE4861C-600A-5ED4-BA18-61E2FF8FDAA6}.Debug|x64.Build.0 = Debug|Any CPU
		{EEE4861C-600A-5ED4-BA18-61E2FF8FDAA6}.Debug|x86.ActiveCfg = Debug|Any CPU
		{EEE4861C-600A-5ED4-BA18-61E2FF8FDAA6}.Debug|x86.Build.0 = Debug|Any CPU
		{EEE4861C-600A-5ED4-BA18-61E2FF8FDAA6}.Release|Any CPU.ActiveCfg = Release|Any CPU
		{EEE4861C-600A-5ED4-BA18-61E2FF8FDAA6}.Release|Any CPU.Build.0 = Release|Any CPU
		{EEE4861C-600A-5ED4-BA18-61E2FF8FDAA6}.Release|x64.ActiveCfg = Release|Any CPU
		{EEE4861C-600A-5ED4-BA18-61E2FF8FDAA6}.Release|x64.Build.0 = Release|Any CPU
		{EEE4861C-600A-5ED4-BA18-61E2FF8FDAA6}.Release|x86.ActiveCfg = Release|Any CPU
		{EEE4861C-600A-5ED4-BA18-61E2FF8FDAA6}.Release|x86.Build.0 = Release|Any CPU
		{46E79B46-881D-5E14-AC4E-5DBD45B8D09F}.Debug|Any CPU.ActiveCfg = Debug|Any CPU
		{46E79B46-881D-5E14-AC4E-5DBD45B8D09F}.Debug|Any CPU.Build.0 = Debug|Any CPU
		{46E79B46-881D-5E14-AC4E-5DBD45B8D09F}.Debug|x64.ActiveCfg = Debug|Any CPU
		{46E79B46-881D-5E14-AC4E-5DBD45B8D09F}.Debug|x64.Build.0 = Debug|Any CPU
		{46E79B46-881D-5E14-AC4E-5DBD45B8D09F}.Debug|x86.ActiveCfg = Debug|Any CPU
		{46E79B46-881D-5E14-AC4E-5DBD45B8D09F}.Debug|x86.Build.0 = Debug|Any CPU
		{46E79B46-881D-5E14-AC4E-5DBD45B8D09F}.Release|Any CPU.ActiveCfg = Release|Any CPU
		{46E79B46-881D-5E14-AC4E-5DBD45B8D09F}.Release|Any CPU.Build.0 = Release|Any CPU
		{46E79B46-881D-5E14-AC4E-5DBD45B8D09F}.Release|x64.ActiveCfg = Release|Any CPU
		{46E79B46-881D-5E14-AC4E-5DBD45B8D09F}.Release|x64.Build.0 = Release|Any CPU
		{46E79B46-881D-5E14-AC4E-5DBD45B8D09F}.Release|x86.ActiveCfg = Release|Any CPU
		{46E79B46-881D-5E14-AC4E-5DBD45B8D09F}.Release|x86.Build.0 = Release|Any CPU
		{8DAD255A-8718-5980-91EC-C78BB9FF6478}.Debug|Any CPU.ActiveCfg = Debug|Any CPU
		{8DAD255A-8718-5980-91EC-C78BB9FF6478}.Debug|Any CPU.Build.0 = Debug|Any CPU
		{8DAD255A-8718-5980-91EC-C78BB9FF6478}.Debug|x64.ActiveCfg = Debug|Any CPU
		{8DAD255A-8718-5980-91EC-C78BB9FF6478}.Debug|x64.Build.0 = Debug|Any CPU
		{8DAD255A-8718-5980-91EC-C78BB9FF6478}.Debug|x86.ActiveCfg = Debug|Any CPU
		{8DAD255A-8718-5980-91EC-C78BB9FF6478}.Debug|x86.Build.0 = Debug|Any CPU
		{8DAD255A-8718-5980-91EC-C78BB9FF6478}.Release|Any CPU.ActiveCfg = Release|Any CPU
		{8DAD255A-8718-5980-91EC-C78BB9FF6478}.Release|Any CPU.Build.0 = Release|Any CPU
		{8DAD255A-8718-5980-91EC-C78BB9FF6478}.Release|x64.ActiveCfg = Release|Any CPU
		{8DAD255A-8718-5980-91EC-C78BB9FF6478}.Release|x64.Build.0 = Release|Any CPU
		{8DAD255A-8718-5980-91EC-C78BB9FF6478}.Release|x86.ActiveCfg = Release|Any CPU
		{8DAD255A-8718-5980-91EC-C78BB9FF6478}.Release|x86.Build.0 = Release|Any CPU
		{3DA52CF4-0244-5175-B641-D48ABDB993F4}.Debug|Any CPU.ActiveCfg = Debug|Any CPU
		{3DA52CF4-0244-5175-B641-D48ABDB993F4}.Debug|Any CPU.Build.0 = Debug|Any CPU
		{3DA52CF4-0244-5175-B641-D48ABDB993F4}.Debug|x64.ActiveCfg = Debug|Any CPU
		{3DA52CF4-0244-5175-B641-D48ABDB993F4}.Debug|x64.Build.0 = Debug|Any CPU
		{3DA52CF4-0244-5175-B641-D48ABDB993F4}.Debug|x86.ActiveCfg = Debug|Any CPU
		{3DA52CF4-0244-5175-B641-D48ABDB993F4}.Debug|x86.Build.0 = Debug|Any CPU
		{3DA52CF4-0244-5175-B641-D48ABDB993F4}.Release|Any CPU.ActiveCfg = Release|Any CPU
		{3DA52CF4-0244-5175-B641-D48ABDB993F4}.Release|Any CPU.Build.0 = Release|Any CPU
		{3DA52CF4-0244-5175-B641-D48ABDB993F4}.Release|x64.ActiveCfg = Release|Any CPU
		{3DA52CF4-0244-5175-B641-D48ABDB993F4}.Release|x64.Build.0 = Release|Any CPU
		{3DA52CF4-0244-5175-B641-D48ABDB993F4}.Release|x86.ActiveCfg = Release|Any CPU
		{3DA52CF4-0244-5175-B641-D48ABDB993F4}.Release|x86.Build.0 = Release|Any CPU
		{8982123B-0923-5D03-8EE8-7225E5645DC5}.Debug|Any CPU.ActiveCfg = Debug|Any CPU
		{8982123B-0923-5D03-8EE8-7225E5645DC5}.Debug|Any CPU.Build.0 = Debug|Any CPU
		{8982123B-0923-5D03-8EE8-7225E5645DC5}.Debug|x64.ActiveCfg = Debug|Any CPU
		{8982123B-0923-5D03-8EE8-7225E5645DC5}.Debug|x64.Build.0 = Debug|Any CPU
		{8982123B-0923-5D03-8EE8-7225E5645DC5}.Debug|x86.ActiveCfg = Debug|Any CPU
		{8982123B-0923-5D03-8EE8-7225E5645DC5}.Debug|x86.Build.0 = Debug|Any CPU
		{8982123B-0923-5D03-8EE8-7225E5645DC5}.Release|Any CPU.ActiveCfg = Release|Any CPU
		{8982123B-0923-5D03-8EE8-7225E5645DC5}.Release|Any CPU.Build.0 = Release|Any CPU
		{8982123B-0923-5D03-8EE8-7225E5645DC5}.Release|x64.ActiveCfg = Release|Any CPU
		{8982123B-0923-5D03-8EE8-7225E5645DC5}.Release|x64.Build.0 = Release|Any CPU
		{8982123B-0923-5D03-8EE8-7225E5645DC5}.Release|x86.ActiveCfg = Release|Any CPU
		{8982123B-0923-5D03-8EE8-7225E5645DC5}.Release|x86.Build.0 = Release|Any CPU
		{6E7AC005-E282-5D6D-832A-AC9E968622D1}.Debug|Any CPU.ActiveCfg = Debug|Any CPU
		{6E7AC005-E282-5D6D-832A-AC9E968622D1}.Debug|Any CPU.Build.0 = Debug|Any CPU
		{6E7AC005-E282-5D6D-832A-AC9E968622D1}.Debug|x64.ActiveCfg = Debug|Any CPU
		{6E7AC005-E282-5D6D-832A-AC9E968622D1}.Debug|x64.Build.0 = Debug|Any CPU
		{6E7AC005-E282-5D6D-832A-AC9E968622D1}.Debug|x86.ActiveCfg = Debug|Any CPU
		{6E7AC005-E282-5D6D-832A-AC9E968622D1}.Debug|x86.Build.0 = Debug|Any CPU
		{6E7AC005-E282-5D6D-832A-AC9E968622D1}.Release|Any CPU.ActiveCfg = Release|Any CPU
		{6E7AC005-E282-5D6D-832A-AC9E968622D1}.Release|Any CPU.Build.0 = Release|Any CPU
		{6E7AC005-E282-5D6D-832A-AC9E968622D1}.Release|x64.ActiveCfg = Release|Any CPU
		{6E7AC005-E282-5D6D-832A-AC9E968622D1}.Release|x64.Build.0 = Release|Any CPU
		{6E7AC005-E282-5D6D-832A-AC9E968622D1}.Release|x86.ActiveCfg = Release|Any CPU
		{6E7AC005-E282-5D6D-832A-AC9E968622D1}.Release|x86.Build.0 = Release|Any CPU
		{7F7E7166-9C25-509D-95DB-D78E00C89A28}.Debug|Any CPU.ActiveCfg = Debug|Any CPU
		{7F7E7166-9C25-509D-95DB-D78E00C89A28}.Debug|Any CPU.Build.0 = Debug|Any CPU
		{7F7E7166-9C25-509D-95DB-D78E00C89A28}.Debug|x64.ActiveCfg = Debug|Any CPU
		{7F7E7166-9C25-509D-95DB-D78E00C89A28}.Debug|x64.Build.0 = Debug|Any CPU
		{7F7E7166-9C25-509D-95DB-D78E00C89A28}.Debug|x86.ActiveCfg = Debug|Any CPU
		{7F7E7166-9C25-509D-95DB-D78E00C89A28}.Debug|x86.Build.0 = Debug|Any CPU
		{7F7E7166-9C25-509D-95DB-D78E00C89A28}.Release|Any CPU.ActiveCfg = Release|Any CPU
		{7F7E7166-9C25-509D-95DB-D78E00C89A28}.Release|Any CPU.Build.0 = Release|Any CPU
		{7F7E7166-9C25-509D-95DB-D78E00C89A28}.Release|x64.ActiveCfg = Release|Any CPU
		{7F7E7166-9C25-509D-95DB-D78E00C89A28}.Release|x64.Build.0 = Release|Any CPU
		{7F7E7166-9C25-509D-95DB-D78E00C89A28}.Release|x86.ActiveCfg = Release|Any CPU
		{7F7E7166-9C25-509D-95DB-D78E00C89A28}.Release|x86.Build.0 = Release|Any CPU
		{B140E196-CDB7-5478-9B19-1E0116F0C58A}.Debug|Any CPU.ActiveCfg = Debug|Any CPU
		{B140E196-CDB7-5478-9B19-1E0116F0C58A}.Debug|Any CPU.Build.0 = Debug|Any CPU
		{B140E196-CDB7-5478-9B19-1E0116F0C58A}.Debug|x64.ActiveCfg = Debug|Any CPU
		{B140E196-CDB7-5478-9B19-1E0116F0C58A}.Debug|x64.Build.0 = Debug|Any CPU
		{B140E196-CDB7-5478-9B19-1E0116F0C58A}.Debug|x86.ActiveCfg = Debug|Any CPU
		{B140E196-CDB7-5478-9B19-1E0116F0C58A}.Debug|x86.Build.0 = Debug|Any CPU
		{B140E196-CDB7-5478-9B19-1E0116F0C58A}.Release|Any CPU.ActiveCfg = Release|Any CPU
		{B140E196-CDB7-5478-9B19-1E0116F0C58A}.Release|Any CPU.Build.0 = Release|Any CPU
		{B140E196-CDB7-5478-9B19-1E0116F0C58A}.Release|x64.ActiveCfg = Release|Any CPU
		{B140E196-CDB7-5478-9B19-1E0116F0C58A}.Release|x64.Build.0 = Release|Any CPU
		{B140E196-CDB7-5478-9B19-1E0116F0C58A}.Release|x86.ActiveCfg = Release|Any CPU
		{B140E196-CDB7-5478-9B19-1E0116F0C58A}.Release|x86.Build.0 = Release|Any CPU
		{5C325F6A-42DA-55C6-86CF-4C3F36F19709}.Debug|Any CPU.ActiveCfg = Debug|Any CPU
		{5C325F6A-42DA-55C6-86CF-4C3F36F19709}.Debug|Any CPU.Build.0 = Debug|Any CPU
		{5C325F6A-42DA-55C6-86CF-4C3F36F19709}.Debug|x64.ActiveCfg = Debug|Any CPU
		{5C325F6A-42DA-55C6-86CF-4C3F36F19709}.Debug|x64.Build.0 = Debug|Any CPU
		{5C325F6A-42DA-55C6-86CF-4C3F36F19709}.Debug|x86.ActiveCfg = Debug|Any CPU
		{5C325F6A-42DA-55C6-86CF-4C3F36F19709}.Debug|x86.Build.0 = Debug|Any CPU
		{5C325F6A-42DA-55C6-86CF-4C3F36F19709}.Release|Any CPU.ActiveCfg = Release|Any CPU
		{5C325F6A-42DA-55C6-86CF-4C3F36F19709}.Release|Any CPU.Build.0 = Release|Any CPU
		{5C325F6A-42DA-55C6-86CF-4C3F36F19709}.Release|x64.ActiveCfg = Release|Any CPU
		{5C325F6A-42DA-55C6-86CF-4C3F36F19709}.Release|x64.Build.0 = Release|Any CPU
		{5C325F6A-42DA-55C6-86CF-4C3F36F19709}.Release|x86.ActiveCfg = Release|Any CPU
		{5C325F6A-42DA-55C6-86CF-4C3F36F19709}.Release|x86.Build.0 = Release|Any CPU
		{CD39136D-344C-5B97-A2EC-945C974F88BF}.Debug|Any CPU.ActiveCfg = Debug|Any CPU
		{CD39136D-344C-5B97-A2EC-945C974F88BF}.Debug|Any CPU.Build.0 = Debug|Any CPU
		{CD39136D-344C-5B97-A2EC-945C974F88BF}.Debug|x64.ActiveCfg = Debug|Any CPU
		{CD39136D-344C-5B97-A2EC-945C974F88BF}.Debug|x64.Build.0 = Debug|Any CPU
		{CD39136D-344C-5B97-A2EC-945C974F88BF}.Debug|x86.ActiveCfg = Debug|Any CPU
		{CD39136D-344C-5B97-A2EC-945C974F88BF}.Debug|x86.Build.0 = Debug|Any CPU
		{CD39136D-344C-5B97-A2EC-945C974F88BF}.Release|Any CPU.ActiveCfg = Release|Any CPU
		{CD39136D-344C-5B97-A2EC-945C974F88BF}.Release|Any CPU.Build.0 = Release|Any CPU
		{CD39136D-344C-5B97-A2EC-945C974F88BF}.Release|x64.ActiveCfg = Release|Any CPU
		{CD39136D-344C-5B97-A2EC-945C974F88BF}.Release|x64.Build.0 = Release|Any CPU
		{CD39136D-344C-5B97-A2EC-945C974F88BF}.Release|x86.ActiveCfg = Release|Any CPU
		{CD39136D-344C-5B97-A2EC-945C974F88BF}.Release|x86.Build.0 = Release|Any CPU
		{43D44853-43F5-594C-B593-13F1DAAA92E6}.Debug|Any CPU.ActiveCfg = Debug|Any CPU
		{43D44853-43F5-594C-B593-13F1DAAA92E6}.Debug|Any CPU.Build.0 = Debug|Any CPU
		{43D44853-43F5-594C-B593-13F1DAAA92E6}.Debug|x64.ActiveCfg = Debug|Any CPU
		{43D44853-43F5-594C-B593-13F1DAAA92E6}.Debug|x64.Build.0 = Debug|Any CPU
		{43D44853-43F5-594C-B593-13F1DAAA92E6}.Debug|x86.ActiveCfg = Debug|Any CPU
		{43D44853-43F5-594C-B593-13F1DAAA92E6}.Debug|x86.Build.0 = Debug|Any CPU
		{43D44853-43F5-594C-B593-13F1DAAA92E6}.Release|Any CPU.ActiveCfg = Release|Any CPU
		{43D44853-43F5-594C-B593-13F1DAAA92E6}.Release|Any CPU.Build.0 = Release|Any CPU
		{43D44853-43F5-594C-B593-13F1DAAA92E6}.Release|x64.ActiveCfg = Release|Any CPU
		{43D44853-43F5-594C-B593-13F1DAAA92E6}.Release|x64.Build.0 = Release|Any CPU
		{43D44853-43F5-594C-B593-13F1DAAA92E6}.Release|x86.ActiveCfg = Release|Any CPU
		{43D44853-43F5-594C-B593-13F1DAAA92E6}.Release|x86.Build.0 = Release|Any CPU
		{F3789188-C3B6-525C-9E7E-BA00AF75656A}.Debug|Any CPU.ActiveCfg = Debug|Any CPU
		{F3789188-C3B6-525C-9E7E-BA00AF75656A}.Debug|Any CPU.Build.0 = Debug|Any CPU
		{F3789188-C3B6-525C-9E7E-BA00AF75656A}.Debug|x64.ActiveCfg = Debug|Any CPU
		{F3789188-C3B6-525C-9E7E-BA00AF75656A}.Debug|x64.Build.0 = Debug|Any CPU
		{F3789188-C3B6-525C-9E7E-BA00AF75656A}.Debug|x86.ActiveCfg = Debug|Any CPU
		{F3789188-C3B6-525C-9E7E-BA00AF75656A}.Debug|x86.Build.0 = Debug|Any CPU
		{F3789188-C3B6-525C-9E7E-BA00AF75656A}.Release|Any CPU.ActiveCfg = Release|Any CPU
		{F3789188-C3B6-525C-9E7E-BA00AF75656A}.Release|Any CPU.Build.0 = Release|Any CPU
		{F3789188-C3B6-525C-9E7E-BA00AF75656A}.Release|x64.ActiveCfg = Release|Any CPU
		{F3789188-C3B6-525C-9E7E-BA00AF75656A}.Release|x64.Build.0 = Release|Any CPU
		{F3789188-C3B6-525C-9E7E-BA00AF75656A}.Release|x86.ActiveCfg = Release|Any CPU
		{F3789188-C3B6-525C-9E7E-BA00AF75656A}.Release|x86.Build.0 = Release|Any CPU
		{A98984C4-397F-5A7E-98B1-701A48CB23EE}.Debug|Any CPU.ActiveCfg = Debug|Any CPU
		{A98984C4-397F-5A7E-98B1-701A48CB23EE}.Debug|Any CPU.Build.0 = Debug|Any CPU
		{A98984C4-397F-5A7E-98B1-701A48CB23EE}.Debug|x64.ActiveCfg = Debug|Any CPU
		{A98984C4-397F-5A7E-98B1-701A48CB23EE}.Debug|x64.Build.0 = Debug|Any CPU
		{A98984C4-397F-5A7E-98B1-701A48CB23EE}.Debug|x86.ActiveCfg = Debug|Any CPU
		{A98984C4-397F-5A7E-98B1-701A48CB23EE}.Debug|x86.Build.0 = Debug|Any CPU
		{A98984C4-397F-5A7E-98B1-701A48CB23EE}.Release|Any CPU.ActiveCfg = Release|Any CPU
		{A98984C4-397F-5A7E-98B1-701A48CB23EE}.Release|Any CPU.Build.0 = Release|Any CPU
		{A98984C4-397F-5A7E-98B1-701A48CB23EE}.Release|x64.ActiveCfg = Release|Any CPU
		{A98984C4-397F-5A7E-98B1-701A48CB23EE}.Release|x64.Build.0 = Release|Any CPU
		{A98984C4-397F-5A7E-98B1-701A48CB23EE}.Release|x86.ActiveCfg = Release|Any CPU
		{A98984C4-397F-5A7E-98B1-701A48CB23EE}.Release|x86.Build.0 = Release|Any CPU
		{431EB26D-3766-5445-85D8-A7F723D9DA8C}.Debug|Any CPU.ActiveCfg = Debug|Any CPU
		{431EB26D-3766-5445-85D8-A7F723D9DA8C}.Debug|Any CPU.Build.0 = Debug|Any CPU
		{431EB26D-3766-5445-85D8-A7F723D9DA8C}.Debug|x64.ActiveCfg = Debug|Any CPU
		{431EB26D-3766-5445-85D8-A7F723D9DA8C}.Debug|x64.Build.0 = Debug|Any CPU
		{431EB26D-3766-5445-85D8-A7F723D9DA8C}.Debug|x86.ActiveCfg = Debug|Any CPU
		{431EB26D-3766-5445-85D8-A7F723D9DA8C}.Debug|x86.Build.0 = Debug|Any CPU
		{431EB26D-3766-5445-85D8-A7F723D9DA8C}.Release|Any CPU.ActiveCfg = Release|Any CPU
		{431EB26D-3766-5445-85D8-A7F723D9DA8C}.Release|Any CPU.Build.0 = Release|Any CPU
		{431EB26D-3766-5445-85D8-A7F723D9DA8C}.Release|x64.ActiveCfg = Release|Any CPU
		{431EB26D-3766-5445-85D8-A7F723D9DA8C}.Release|x64.Build.0 = Release|Any CPU
		{431EB26D-3766-5445-85D8-A7F723D9DA8C}.Release|x86.ActiveCfg = Release|Any CPU
		{431EB26D-3766-5445-85D8-A7F723D9DA8C}.Release|x86.Build.0 = Release|Any CPU
		{6E59BA65-B475-5729-98E0-C7688C5EE6F2}.Debug|Any CPU.ActiveCfg = Debug|Any CPU
		{6E59BA65-B475-5729-98E0-C7688C5EE6F2}.Debug|Any CPU.Build.0 = Debug|Any CPU
		{6E59BA65-B475-5729-98E0-C7688C5EE6F2}.Debug|x64.ActiveCfg = Debug|Any CPU
		{6E59BA65-B475-5729-98E0-C7688C5EE6F2}.Debug|x64.Build.0 = Debug|Any CPU
		{6E59BA65-B475-5729-98E0-C7688C5EE6F2}.Debug|x86.ActiveCfg = Debug|Any CPU
		{6E59BA65-B475-5729-98E0-C7688C5EE6F2}.Debug|x86.Build.0 = Debug|Any CPU
		{6E59BA65-B475-5729-98E0-C7688C5EE6F2}.Release|Any CPU.ActiveCfg = Release|Any CPU
		{6E59BA65-B475-5729-98E0-C7688C5EE6F2}.Release|Any CPU.Build.0 = Release|Any CPU
		{6E59BA65-B475-5729-98E0-C7688C5EE6F2}.Release|x64.ActiveCfg = Release|Any CPU
		{6E59BA65-B475-5729-98E0-C7688C5EE6F2}.Release|x64.Build.0 = Release|Any CPU
		{6E59BA65-B475-5729-98E0-C7688C5EE6F2}.Release|x86.ActiveCfg = Release|Any CPU
		{6E59BA65-B475-5729-98E0-C7688C5EE6F2}.Release|x86.Build.0 = Release|Any CPU
		{8CEA9E96-217C-58FE-A55F-9EB899E10CE5}.Debug|Any CPU.ActiveCfg = Debug|Any CPU
		{8CEA9E96-217C-58FE-A55F-9EB899E10CE5}.Debug|Any CPU.Build.0 = Debug|Any CPU
		{8CEA9E96-217C-58FE-A55F-9EB899E10CE5}.Debug|x64.ActiveCfg = Debug|Any CPU
		{8CEA9E96-217C-58FE-A55F-9EB899E10CE5}.Debug|x64.Build.0 = Debug|Any CPU
		{8CEA9E96-217C-58FE-A55F-9EB899E10CE5}.Debug|x86.ActiveCfg = Debug|Any CPU
		{8CEA9E96-217C-58FE-A55F-9EB899E10CE5}.Debug|x86.Build.0 = Debug|Any CPU
		{8CEA9E96-217C-58FE-A55F-9EB899E10CE5}.Release|Any CPU.ActiveCfg = Release|Any CPU
		{8CEA9E96-217C-58FE-A55F-9EB899E10CE5}.Release|Any CPU.Build.0 = Release|Any CPU
		{8CEA9E96-217C-58FE-A55F-9EB899E10CE5}.Release|x64.ActiveCfg = Release|Any CPU
		{8CEA9E96-217C-58FE-A55F-9EB899E10CE5}.Release|x64.Build.0 = Release|Any CPU
		{8CEA9E96-217C-58FE-A55F-9EB899E10CE5}.Release|x86.ActiveCfg = Release|Any CPU
		{8CEA9E96-217C-58FE-A55F-9EB899E10CE5}.Release|x86.Build.0 = Release|Any CPU
		{C46FCA17-04F8-5B3E-AB5F-63F72887829C}.Debug|Any CPU.ActiveCfg = Debug|Any CPU
		{C46FCA17-04F8-5B3E-AB5F-63F72887829C}.Debug|Any CPU.Build.0 = Debug|Any CPU
		{C46FCA17-04F8-5B3E-AB5F-63F72887829C}.Debug|x64.ActiveCfg = Debug|Any CPU
		{C46FCA17-04F8-5B3E-AB5F-63F72887829C}.Debug|x64.Build.0 = Debug|Any CPU
		{C46FCA17-04F8-5B3E-AB5F-63F72887829C}.Debug|x86.ActiveCfg = Debug|Any CPU
		{C46FCA17-04F8-5B3E-AB5F-63F72887829C}.Debug|x86.Build.0 = Debug|Any CPU
		{C46FCA17-04F8-5B3E-AB5F-63F72887829C}.Release|Any CPU.ActiveCfg = Release|Any CPU
		{C46FCA17-04F8-5B3E-AB5F-63F72887829C}.Release|Any CPU.Build.0 = Release|Any CPU
		{C46FCA17-04F8-5B3E-AB5F-63F72887829C}.Release|x64.ActiveCfg = Release|Any CPU
		{C46FCA17-04F8-5B3E-AB5F-63F72887829C}.Release|x64.Build.0 = Release|Any CPU
		{C46FCA17-04F8-5B3E-AB5F-63F72887829C}.Release|x86.ActiveCfg = Release|Any CPU
		{C46FCA17-04F8-5B3E-AB5F-63F72887829C}.Release|x86.Build.0 = Release|Any CPU
		{2B460077-9B3F-5F06-B285-0C13C32452FD}.Debug|Any CPU.ActiveCfg = Debug|Any CPU
		{2B460077-9B3F-5F06-B285-0C13C32452FD}.Debug|Any CPU.Build.0 = Debug|Any CPU
		{2B460077-9B3F-5F06-B285-0C13C32452FD}.Debug|x64.ActiveCfg = Debug|Any CPU
		{2B460077-9B3F-5F06-B285-0C13C32452FD}.Debug|x64.Build.0 = Debug|Any CPU
		{2B460077-9B3F-5F06-B285-0C13C32452FD}.Debug|x86.ActiveCfg = Debug|Any CPU
		{2B460077-9B3F-5F06-B285-0C13C32452FD}.Debug|x86.Build.0 = Debug|Any CPU
		{2B460077-9B3F-5F06-B285-0C13C32452FD}.Release|Any CPU.ActiveCfg = Release|Any CPU
		{2B460077-9B3F-5F06-B285-0C13C32452FD}.Release|Any CPU.Build.0 = Release|Any CPU
		{2B460077-9B3F-5F06-B285-0C13C32452FD}.Release|x64.ActiveCfg = Release|Any CPU
		{2B460077-9B3F-5F06-B285-0C13C32452FD}.Release|x64.Build.0 = Release|Any CPU
		{2B460077-9B3F-5F06-B285-0C13C32452FD}.Release|x86.ActiveCfg = Release|Any CPU
		{2B460077-9B3F-5F06-B285-0C13C32452FD}.Release|x86.Build.0 = Release|Any CPU
		{343D1E9F-557A-5563-AC07-DA5A70CE7CA9}.Debug|Any CPU.ActiveCfg = Debug|Any CPU
		{343D1E9F-557A-5563-AC07-DA5A70CE7CA9}.Debug|Any CPU.Build.0 = Debug|Any CPU
		{343D1E9F-557A-5563-AC07-DA5A70CE7CA9}.Debug|x64.ActiveCfg = Debug|Any CPU
		{343D1E9F-557A-5563-AC07-DA5A70CE7CA9}.Debug|x64.Build.0 = Debug|Any CPU
		{343D1E9F-557A-5563-AC07-DA5A70CE7CA9}.Debug|x86.ActiveCfg = Debug|Any CPU
		{343D1E9F-557A-5563-AC07-DA5A70CE7CA9}.Debug|x86.Build.0 = Debug|Any CPU
		{343D1E9F-557A-5563-AC07-DA5A70CE7CA9}.Release|Any CPU.ActiveCfg = Release|Any CPU
		{343D1E9F-557A-5563-AC07-DA5A70CE7CA9}.Release|Any CPU.Build.0 = Release|Any CPU
		{343D1E9F-557A-5563-AC07-DA5A70CE7CA9}.Release|x64.ActiveCfg = Release|Any CPU
		{343D1E9F-557A-5563-AC07-DA5A70CE7CA9}.Release|x64.Build.0 = Release|Any CPU
		{343D1E9F-557A-5563-AC07-DA5A70CE7CA9}.Release|x86.ActiveCfg = Release|Any CPU
		{343D1E9F-557A-5563-AC07-DA5A70CE7CA9}.Release|x86.Build.0 = Release|Any CPU
		{BBB71B34-DA9B-5AF8-8305-DAFA08DB8549}.Debug|Any CPU.ActiveCfg = Debug|Any CPU
		{BBB71B34-DA9B-5AF8-8305-DAFA08DB8549}.Debug|Any CPU.Build.0 = Debug|Any CPU
		{BBB71B34-DA9B-5AF8-8305-DAFA08DB8549}.Debug|x64.ActiveCfg = Debug|Any CPU
		{BBB71B34-DA9B-5AF8-8305-DAFA08DB8549}.Debug|x64.Build.0 = Debug|Any CPU
		{BBB71B34-DA9B-5AF8-8305-DAFA08DB8549}.Debug|x86.ActiveCfg = Debug|Any CPU
		{BBB71B34-DA9B-5AF8-8305-DAFA08DB8549}.Debug|x86.Build.0 = Debug|Any CPU
		{BBB71B34-DA9B-5AF8-8305-DAFA08DB8549}.Release|Any CPU.ActiveCfg = Release|Any CPU
		{BBB71B34-DA9B-5AF8-8305-DAFA08DB8549}.Release|Any CPU.Build.0 = Release|Any CPU
		{BBB71B34-DA9B-5AF8-8305-DAFA08DB8549}.Release|x64.ActiveCfg = Release|Any CPU
		{BBB71B34-DA9B-5AF8-8305-DAFA08DB8549}.Release|x64.Build.0 = Release|Any CPU
		{BBB71B34-DA9B-5AF8-8305-DAFA08DB8549}.Release|x86.ActiveCfg = Release|Any CPU
		{BBB71B34-DA9B-5AF8-8305-DAFA08DB8549}.Release|x86.Build.0 = Release|Any CPU
		{6690BDA6-5F5C-5965-9B11-C48764183846}.Debug|Any CPU.ActiveCfg = Debug|Any CPU
		{6690BDA6-5F5C-5965-9B11-C48764183846}.Debug|Any CPU.Build.0 = Debug|Any CPU
		{6690BDA6-5F5C-5965-9B11-C48764183846}.Debug|x64.ActiveCfg = Debug|Any CPU
		{6690BDA6-5F5C-5965-9B11-C48764183846}.Debug|x64.Build.0 = Debug|Any CPU
		{6690BDA6-5F5C-5965-9B11-C48764183846}.Debug|x86.ActiveCfg = Debug|Any CPU
		{6690BDA6-5F5C-5965-9B11-C48764183846}.Debug|x86.Build.0 = Debug|Any CPU
		{6690BDA6-5F5C-5965-9B11-C48764183846}.Release|Any CPU.ActiveCfg = Release|Any CPU
		{6690BDA6-5F5C-5965-9B11-C48764183846}.Release|Any CPU.Build.0 = Release|Any CPU
		{6690BDA6-5F5C-5965-9B11-C48764183846}.Release|x64.ActiveCfg = Release|Any CPU
		{6690BDA6-5F5C-5965-9B11-C48764183846}.Release|x64.Build.0 = Release|Any CPU
		{6690BDA6-5F5C-5965-9B11-C48764183846}.Release|x86.ActiveCfg = Release|Any CPU
		{6690BDA6-5F5C-5965-9B11-C48764183846}.Release|x86.Build.0 = Release|Any CPU
		{A0C3D54A-3398-5601-AC7B-EB81F30F9CED}.Debug|Any CPU.ActiveCfg = Debug|Any CPU
		{A0C3D54A-3398-5601-AC7B-EB81F30F9CED}.Debug|Any CPU.Build.0 = Debug|Any CPU
		{A0C3D54A-3398-5601-AC7B-EB81F30F9CED}.Debug|x64.ActiveCfg = Debug|Any CPU
		{A0C3D54A-3398-5601-AC7B-EB81F30F9CED}.Debug|x64.Build.0 = Debug|Any CPU
		{A0C3D54A-3398-5601-AC7B-EB81F30F9CED}.Debug|x86.ActiveCfg = Debug|Any CPU
		{A0C3D54A-3398-5601-AC7B-EB81F30F9CED}.Debug|x86.Build.0 = Debug|Any CPU
		{A0C3D54A-3398-5601-AC7B-EB81F30F9CED}.Release|Any CPU.ActiveCfg = Release|Any CPU
		{A0C3D54A-3398-5601-AC7B-EB81F30F9CED}.Release|Any CPU.Build.0 = Release|Any CPU
		{A0C3D54A-3398-5601-AC7B-EB81F30F9CED}.Release|x64.ActiveCfg = Release|Any CPU
		{A0C3D54A-3398-5601-AC7B-EB81F30F9CED}.Release|x64.Build.0 = Release|Any CPU
		{A0C3D54A-3398-5601-AC7B-EB81F30F9CED}.Release|x86.ActiveCfg = Release|Any CPU
		{A0C3D54A-3398-5601-AC7B-EB81F30F9CED}.Release|x86.Build.0 = Release|Any CPU
		{B10DA0B9-6716-5BAE-BB2B-E76CE7435F45}.Debug|Any CPU.ActiveCfg = Debug|Any CPU
		{B10DA0B9-6716-5BAE-BB2B-E76CE7435F45}.Debug|Any CPU.Build.0 = Debug|Any CPU
		{B10DA0B9-6716-5BAE-BB2B-E76CE7435F45}.Debug|x64.ActiveCfg = Debug|Any CPU
		{B10DA0B9-6716-5BAE-BB2B-E76CE7435F45}.Debug|x64.Build.0 = Debug|Any CPU
		{B10DA0B9-6716-5BAE-BB2B-E76CE7435F45}.Debug|x86.ActiveCfg = Debug|Any CPU
		{B10DA0B9-6716-5BAE-BB2B-E76CE7435F45}.Debug|x86.Build.0 = Debug|Any CPU
		{B10DA0B9-6716-5BAE-BB2B-E76CE7435F45}.Release|Any CPU.ActiveCfg = Release|Any CPU
		{B10DA0B9-6716-5BAE-BB2B-E76CE7435F45}.Release|Any CPU.Build.0 = Release|Any CPU
		{B10DA0B9-6716-5BAE-BB2B-E76CE7435F45}.Release|x64.ActiveCfg = Release|Any CPU
		{B10DA0B9-6716-5BAE-BB2B-E76CE7435F45}.Release|x64.Build.0 = Release|Any CPU
		{B10DA0B9-6716-5BAE-BB2B-E76CE7435F45}.Release|x86.ActiveCfg = Release|Any CPU
		{B10DA0B9-6716-5BAE-BB2B-E76CE7435F45}.Release|x86.Build.0 = Release|Any CPU
		{17532566-20DA-4E8E-A84D-8B6D37B7ADF1}.Debug|Any CPU.ActiveCfg = Debug|Any CPU
		{17532566-20DA-4E8E-A84D-8B6D37B7ADF1}.Debug|Any CPU.Build.0 = Debug|Any CPU
		{17532566-20DA-4E8E-A84D-8B6D37B7ADF1}.Debug|x64.ActiveCfg = Debug|Any CPU
		{17532566-20DA-4E8E-A84D-8B6D37B7ADF1}.Debug|x64.Build.0 = Debug|Any CPU
		{17532566-20DA-4E8E-A84D-8B6D37B7ADF1}.Debug|x86.ActiveCfg = Debug|Any CPU
		{17532566-20DA-4E8E-A84D-8B6D37B7ADF1}.Debug|x86.Build.0 = Debug|Any CPU
		{17532566-20DA-4E8E-A84D-8B6D37B7ADF1}.Release|Any CPU.ActiveCfg = Release|Any CPU
		{17532566-20DA-4E8E-A84D-8B6D37B7ADF1}.Release|Any CPU.Build.0 = Release|Any CPU
		{17532566-20DA-4E8E-A84D-8B6D37B7ADF1}.Release|x64.ActiveCfg = Release|Any CPU
		{17532566-20DA-4E8E-A84D-8B6D37B7ADF1}.Release|x64.Build.0 = Release|Any CPU
		{17532566-20DA-4E8E-A84D-8B6D37B7ADF1}.Release|x86.ActiveCfg = Release|Any CPU
		{17532566-20DA-4E8E-A84D-8B6D37B7ADF1}.Release|x86.Build.0 = Release|Any CPU
		{051244C6-6293-4BD0-B212-145BA0A76CAA}.Debug|Any CPU.ActiveCfg = Debug|Any CPU
		{051244C6-6293-4BD0-B212-145BA0A76CAA}.Debug|Any CPU.Build.0 = Debug|Any CPU
		{051244C6-6293-4BD0-B212-145BA0A76CAA}.Debug|x64.ActiveCfg = Debug|Any CPU
		{051244C6-6293-4BD0-B212-145BA0A76CAA}.Debug|x64.Build.0 = Debug|Any CPU
		{051244C6-6293-4BD0-B212-145BA0A76CAA}.Debug|x86.ActiveCfg = Debug|Any CPU
		{051244C6-6293-4BD0-B212-145BA0A76CAA}.Debug|x86.Build.0 = Debug|Any CPU
		{051244C6-6293-4BD0-B212-145BA0A76CAA}.Release|Any CPU.ActiveCfg = Release|Any CPU
		{051244C6-6293-4BD0-B212-145BA0A76CAA}.Release|Any CPU.Build.0 = Release|Any CPU
		{051244C6-6293-4BD0-B212-145BA0A76CAA}.Release|x64.ActiveCfg = Release|Any CPU
		{051244C6-6293-4BD0-B212-145BA0A76CAA}.Release|x64.Build.0 = Release|Any CPU
		{051244C6-6293-4BD0-B212-145BA0A76CAA}.Release|x86.ActiveCfg = Release|Any CPU
		{051244C6-6293-4BD0-B212-145BA0A76CAA}.Release|x86.Build.0 = Release|Any CPU
	EndGlobalSection
	GlobalSection(SolutionProperties) = preSolution
		HideSolutionNode = FALSE
	EndGlobalSection
	GlobalSection(NestedProjects) = preSolution
		{7AED5BB1-4272-5DB6-8FBC-E7E8A8D93ED0} = {5838A3B6-95C1-54FD-8DA8-569D46E3931E}
		{52EB427A-BC6F-54D5-8B43-36894EE52020} = {5838A3B6-95C1-54FD-8DA8-569D46E3931E}
		{CC6DB31B-7CA9-53E6-AB65-FC090C85588E} = {52EB427A-BC6F-54D5-8B43-36894EE52020}
		{A3136D00-8E8C-5419-A3FE-3E22AA791070} = {52EB427A-BC6F-54D5-8B43-36894EE52020}
		{8B42E67E-FC97-5E22-A9CA-F6DD87FAD6AF} = {52EB427A-BC6F-54D5-8B43-36894EE52020}
		{6FDDF692-FA26-5291-A747-E020DD4674A1} = {52EB427A-BC6F-54D5-8B43-36894EE52020}
		{2B4802D7-1943-53A6-9311-BF7F7614D0CC} = {52EB427A-BC6F-54D5-8B43-36894EE52020}
		{40CE8FB6-C803-5E21-A950-F3E8A998BB16} = {52EB427A-BC6F-54D5-8B43-36894EE52020}
		{3157654F-CDE9-5126-A892-CEB99CBCFD52} = {52EB427A-BC6F-54D5-8B43-36894EE52020}
		{653E69E2-850C-5CB8-80D3-34D592F45FB8} = {52EB427A-BC6F-54D5-8B43-36894EE52020}
		{986B1AF5-5E38-5AB4-8AE5-6EEF7763E27A} = {52EB427A-BC6F-54D5-8B43-36894EE52020}
		{550B7315-85A0-5227-9A45-88484F1A8FF0} = {52EB427A-BC6F-54D5-8B43-36894EE52020}
		{11CE3873-8E3E-520C-9DD2-5CD501FBF35D} = {5838A3B6-95C1-54FD-8DA8-569D46E3931E}
		{B131A078-0899-50C8-ADDB-B8562F7B55FD} = {7AED5BB1-4272-5DB6-8FBC-E7E8A8D93ED0}
		{0291DB3D-42A6-532C-A4C0-314B25EF76BC} = {7AED5BB1-4272-5DB6-8FBC-E7E8A8D93ED0}
		{3BB6116C-38B3-5591-8C4B-A9456314C08F} = {7AED5BB1-4272-5DB6-8FBC-E7E8A8D93ED0}
		{640B3D2B-9561-5795-9040-189CA5695CCE} = {7AED5BB1-4272-5DB6-8FBC-E7E8A8D93ED0}
		{209EC3D5-9C4E-50DA-BB2D-0C8813616D07} = {CC6DB31B-7CA9-53E6-AB65-FC090C85588E}
		{ADE1989E-F987-5842-8C87-A403832F50D9} = {CC6DB31B-7CA9-53E6-AB65-FC090C85588E}
		{FBB394EF-1F71-5F8C-B62D-F3FA9C4385BD} = {A3136D00-8E8C-5419-A3FE-3E22AA791070}
		{EEE4861C-600A-5ED4-BA18-61E2FF8FDAA6} = {A3136D00-8E8C-5419-A3FE-3E22AA791070}
		{46E79B46-881D-5E14-AC4E-5DBD45B8D09F} = {6FDDF692-FA26-5291-A747-E020DD4674A1}
		{8DAD255A-8718-5980-91EC-C78BB9FF6478} = {6FDDF692-FA26-5291-A747-E020DD4674A1}
		{3DA52CF4-0244-5175-B641-D48ABDB993F4} = {8B42E67E-FC97-5E22-A9CA-F6DD87FAD6AF}
		{8982123B-0923-5D03-8EE8-7225E5645DC5} = {8B42E67E-FC97-5E22-A9CA-F6DD87FAD6AF}
		{6E7AC005-E282-5D6D-832A-AC9E968622D1} = {3157654F-CDE9-5126-A892-CEB99CBCFD52}
		{7F7E7166-9C25-509D-95DB-D78E00C89A28} = {3157654F-CDE9-5126-A892-CEB99CBCFD52}
		{B140E196-CDB7-5478-9B19-1E0116F0C58A} = {3157654F-CDE9-5126-A892-CEB99CBCFD52}
		{5C325F6A-42DA-55C6-86CF-4C3F36F19709} = {3157654F-CDE9-5126-A892-CEB99CBCFD52}
		{CD39136D-344C-5B97-A2EC-945C974F88BF} = {653E69E2-850C-5CB8-80D3-34D592F45FB8}
		{43D44853-43F5-594C-B593-13F1DAAA92E6} = {986B1AF5-5E38-5AB4-8AE5-6EEF7763E27A}
		{F3789188-C3B6-525C-9E7E-BA00AF75656A} = {550B7315-85A0-5227-9A45-88484F1A8FF0}
		{A98984C4-397F-5A7E-98B1-701A48CB23EE} = {2B4802D7-1943-53A6-9311-BF7F7614D0CC}
		{431EB26D-3766-5445-85D8-A7F723D9DA8C} = {2B4802D7-1943-53A6-9311-BF7F7614D0CC}
		{6E59BA65-B475-5729-98E0-C7688C5EE6F2} = {2B4802D7-1943-53A6-9311-BF7F7614D0CC}
		{8CEA9E96-217C-58FE-A55F-9EB899E10CE5} = {2B4802D7-1943-53A6-9311-BF7F7614D0CC}
		{C46FCA17-04F8-5B3E-AB5F-63F72887829C} = {40CE8FB6-C803-5E21-A950-F3E8A998BB16}
		{2B460077-9B3F-5F06-B285-0C13C32452FD} = {40CE8FB6-C803-5E21-A950-F3E8A998BB16}
		{343D1E9F-557A-5563-AC07-DA5A70CE7CA9} = {11CE3873-8E3E-520C-9DD2-5CD501FBF35D}
		{BBB71B34-DA9B-5AF8-8305-DAFA08DB8549} = {11CE3873-8E3E-520C-9DD2-5CD501FBF35D}
		{6690BDA6-5F5C-5965-9B11-C48764183846} = {A30F0C26-5597-58D5-B574-BAE6AB97D2DC}
		{A0C3D54A-3398-5601-AC7B-EB81F30F9CED} = {A30F0C26-5597-58D5-B574-BAE6AB97D2DC}
		{B10DA0B9-6716-5BAE-BB2B-E76CE7435F45} = {A30F0C26-5597-58D5-B574-BAE6AB97D2DC}
		{17532566-20DA-4E8E-A84D-8B6D37B7ADF1} = {653E69E2-850C-5CB8-80D3-34D592F45FB8}
		{051244C6-6293-4BD0-B212-145BA0A76CAA} = {986B1AF5-5E38-5AB4-8AE5-6EEF7763E27A}
	EndGlobalSection
	GlobalSection(ExtensibilityGlobals) = postSolution
		SolutionGuid = {A0F736DC-1F8A-5989-A6E8-50CD47FB54C4}
	EndGlobalSection
EndGlobal
